{
  "name": "fundamental-javascript",
  "version": "1.0.0",
  "lockfileVersion": 3,
  "requires": true,
  "packages": {
    "": {
      "name": "fundamental-javascript",
      "version": "1.0.0",
      "license": "ISC",
      "devDependencies": {
        "child_process": "^1.0.2",
        "hacktiv8-restriction": "^1.0.13"
      }
    },
    "node_modules/callsite": {
      "version": "1.0.0",
      "resolved": "https://registry.npmjs.org/callsite/-/callsite-1.0.0.tgz",
      "integrity": "sha512-0vdNRFXn5q+dtOqjfFtmtlI9N2eVZ7LMyEV2iKC5mEEFvSg/69Ml6b/WU2qF8W1nLRa0wiSrDT3Y5jOHZCwKPQ==",
      "dev": true,
      "engines": {
        "node": "*"
      }
    },
    "node_modules/child_process": {
      "version": "1.0.2",
      "resolved": "https://registry.npmjs.org/child_process/-/child_process-1.0.2.tgz",
      "integrity": "sha512-Wmza/JzL0SiWz7kl6MhIKT5ceIlnFPJX+lwUGj7Clhy5MMldsSoJR0+uvRzOS5Kv45Mq7t1PoE8TsOA9bzvb6g==",
      "dev": true
    },
    "node_modules/hacktiv8-restriction": {
      "version": "1.0.13",
      "resolved": "https://registry.npmjs.org/hacktiv8-restriction/-/hacktiv8-restriction-1.0.13.tgz",
      "integrity": "sha512-qvwmpunPTCbe07V4MD3R3iW3N3pWVyOGxQn9P2tj2YUNQLoE4NkqIre383ZT55cW2Vea/KUCAY6cDHFHa6laUw==",
      "dev": true,
      "dependencies": {
        "callsite": "^1.0.0"
      }
    }
  }
}
